// !$*UTF8*$!
{
	archiveVersion = 1;
	classes = {
	};
	objectVersion = 46;
	objects = {

/* Begin PBXBuildFile section */
		6B74319B1CE593EE00975B71 /* ASJColoredScrollIndicators.m in Sources */ = {isa = PBXBuildFile; fileRef = 6B74319A1CE593EE00975B71 /* ASJColoredScrollIndicators.m */; };
		6BA7A6541C5F18A0008B47FA /* LaunchScreen.xib in Resources */ = {isa = PBXBuildFile; fileRef = 6BA7A6521C5F18A0008B47FA /* LaunchScreen.xib */; };
		6BF6C0A31CE5B9000021FBB8 /* UIColor+Radiohead.m in Sources */ = {isa = PBXBuildFile; fileRef = 6BF6C0A21CE5B9000021FBB8 /* UIColor+Radiohead.m */; };
		C0DEEFB21C3D308F009B031A /* main.m in Sources */ = {isa = PBXBuildFile; fileRef = C0DEEFB11C3D308F009B031A /* main.m */; };
		C0DEEFB51C3D308F009B031A /* AppDelegate.m in Sources */ = {isa = PBXBuildFile; fileRef = C0DEEFB41C3D308F009B031A /* AppDelegate.m */; };
		C0DEEFB81C3D308F009B031A /* ViewController.m in Sources */ = {isa = PBXBuildFile; fileRef = C0DEEFB71C3D308F009B031A /* ViewController.m */; };
		C0DEEFBB1C3D3090009B031A /* Main.storyboard in Resources */ = {isa = PBXBuildFile; fileRef = C0DEEFB91C3D308F009B031A /* Main.storyboard */; };
		C0DEEFBD1C3D3090009B031A /* Assets.xcassets in Resources */ = {isa = PBXBuildFile; fileRef = C0DEEFBC1C3D3090009B031A /* Assets.xcassets */; };
/* End PBXBuildFile section */

/* Begin PBXFileReference section */
		6B7431991CE593EE00975B71 /* ASJColoredScrollIndicators.h */ = {isa = PBXFileReference; fileEncoding = 4; lastKnownFileType = sourcecode.c.h; path = ASJColoredScrollIndicators.h; sourceTree = "<group>"; };
		6B74319A1CE593EE00975B71 /* ASJColoredScrollIndicators.m */ = {isa = PBXFileReference; fileEncoding = 4; lastKnownFileType = sourcecode.c.objc; path = ASJColoredScrollIndicators.m; sourceTree = "<group>"; };
		6BA7A6531C5F18A0008B47FA /* Base */ = {isa = PBXFileReference; lastKnownFileType = file.xib; name = Base; path = Base.lproj/LaunchScreen.xib; sourceTree = "<group>"; };
		6BF6C0A11CE5B9000021FBB8 /* UIColor+Radiohead.h */ = {isa = PBXFileReference; fileEncoding = 4; lastKnownFileType = sourcecode.c.h; path = "UIColor+Radiohead.h"; sourceTree = "<group>"; };
		6BF6C0A21CE5B9000021FBB8 /* UIColor+Radiohead.m */ = {isa = PBXFileReference; fileEncoding = 4; lastKnownFileType = sourcecode.c.objc; path = "UIColor+Radiohead.m"; sourceTree = "<group>"; };
		C0DEEFAD1C3D308F009B031A /* ASJColoredScrollIndicatorsExample.app */ = {isa = PBXFileReference; explicitFileType = wrapper.application; includeInIndex = 0; path = ASJColoredScrollIndicatorsExample.app; sourceTree = BUILT_PRODUCTS_DIR; };
		C0DEEFB11C3D308F009B031A /* main.m */ = {isa = PBXFileReference; lastKnownFileType = sourcecode.c.objc; path = main.m; sourceTree = "<group>"; };
		C0DEEFB31C3D308F009B031A /* AppDelegate.h */ = {isa = PBXFileReference; lastKnownFileType = sourcecode.c.h; path = AppDelegate.h; sourceTree = "<group>"; };
		C0DEEFB41C3D308F009B031A /* AppDelegate.m */ = {isa = PBXFileReference; lastKnownFileType = sourcecode.c.objc; path = AppDelegate.m; sourceTree = "<group>"; };
		C0DEEFB61C3D308F009B031A /* ViewController.h */ = {isa = PBXFileReference; lastKnownFileType = sourcecode.c.h; path = ViewController.h; sourceTree = "<group>"; };
		C0DEEFB71C3D308F009B031A /* ViewController.m */ = {isa = PBXFileReference; lastKnownFileType = sourcecode.c.objc; path = ViewController.m; sourceTree = "<group>"; };
		C0DEEFBA1C3D308F009B031A /* Base */ = {isa = PBXFileReference; lastKnownFileType = file.storyboard; name = Base; path = Base.lproj/Main.storyboard; sourceTree = "<group>"; };
		C0DEEFBC1C3D3090009B031A /* Assets.xcassets */ = {isa = PBXFileReference; lastKnownFileType = folder.assetcatalog; path = Assets.xcassets; sourceTree = "<group>"; };
		C0DEEFC11C3D3090009B031A /* Info.plist */ = {isa = PBXFileReference; lastKnownFileType = text.plist.xml; path = Info.plist; sourceTree = "<group>"; };
/* End PBXFileReference section */

/* Begin PBXFrameworksBuildPhase section */
		C0DEEFAA1C3D308F009B031A /* Frameworks */ = {
			isa = PBXFrameworksBuildPhase;
			buildActionMask = 2147483647;
			files = (
			);
			runOnlyForDeploymentPostprocessing = 0;
		};
/* End PBXFrameworksBuildPhase section */

/* Begin PBXGroup section */
		C0C1CBB91C60DEF1001DC4B3 /* ASJColoredScrollIndicators */ = {
			isa = PBXGroup;
			children = (
				6B7431991CE593EE00975B71 /* ASJColoredScrollIndicators.h */,
				6B74319A1CE593EE00975B71 /* ASJColoredScrollIndicators.m */,
			);
			name = ASJColoredScrollIndicators;
			path = ../../ASJColoredScrollIndicators;
			sourceTree = "<group>";
		};
		C0DEEFA41C3D308F009B031A = {
			isa = PBXGroup;
			children = (
				C0DEEFAF1C3D308F009B031A /* ASJColoredScrollIndicatorsExample */,
				C0DEEFAE1C3D308F009B031A /* Products */,
			);
			sourceTree = "<group>";
		};
		C0DEEFAE1C3D308F009B031A /* Products */ = {
			isa = PBXGroup;
			children = (
				C0DEEFAD1C3D308F009B031A /* ASJColoredScrollIndicatorsExample.app */,
			);
			name = Products;
			sourceTree = "<group>";
		};
		C0DEEFAF1C3D308F009B031A /* ASJColoredScrollIndicatorsExample */ = {
			isa = PBXGroup;
			children = (
				C0C1CBB91C60DEF1001DC4B3 /* ASJColoredScrollIndicators */,
				C0DEEFB31C3D308F009B031A /* AppDelegate.h */,
				C0DEEFB41C3D308F009B031A /* AppDelegate.m */,
				C0DEEFB61C3D308F009B031A /* ViewController.h */,
				C0DEEFB71C3D308F009B031A /* ViewController.m */,
				6BF6C0A11CE5B9000021FBB8 /* UIColor+Radiohead.h */,
				6BF6C0A21CE5B9000021FBB8 /* UIColor+Radiohead.m */,
				C0DEEFB91C3D308F009B031A /* Main.storyboard */,
				6BA7A6521C5F18A0008B47FA /* LaunchScreen.xib */,
				C0DEEFBC1C3D3090009B031A /* Assets.xcassets */,
				C0DEEFB01C3D308F009B031A /* Supporting Files */,
			);
			path = ASJColoredScrollIndicatorsExample;
			sourceTree = "<group>";
		};
		C0DEEFB01C3D308F009B031A /* Supporting Files */ = {
			isa = PBXGroup;
			children = (
				C0DEEFC11C3D3090009B031A /* Info.plist */,
				C0DEEFB11C3D308F009B031A /* main.m */,
			);
			name = "Supporting Files";
			sourceTree = "<group>";
		};
/* End PBXGroup section */

/* Begin PBXNativeTarget section */
		C0DEEFAC1C3D308F009B031A /* ASJColoredScrollIndicatorsExample */ = {
			isa = PBXNativeTarget;
			buildConfigurationList = C0DEEFC41C3D3090009B031A /* Build configuration list for PBXNativeTarget "ASJColoredScrollIndicatorsExample" */;
			buildPhases = (
				C0DEEFA91C3D308F009B031A /* Sources */,
				C0DEEFAA1C3D308F009B031A /* Frameworks */,
				C0DEEFAB1C3D308F009B031A /* Resources */,
			);
			buildRules = (
			);
			dependencies = (
			);
			name = ASJColoredScrollIndicatorsExample;
			productName = ASJColoredScrollIndicatorsExample;
			productReference = C0DEEFAD1C3D308F009B031A /* ASJColoredScrollIndicatorsExample.app */;
			productType = "com.apple.product-type.application";
		};
/* End PBXNativeTarget section */

/* Begin PBXProject section */
		C0DEEFA51C3D308F009B031A /* Project object */ = {
			isa = PBXProject;
			attributes = {
				LastUpgradeCheck = 1320;
				ORGANIZATIONNAME = sudeep;
				TargetAttributes = {
					C0DEEFAC1C3D308F009B031A = {
						CreatedOnToolsVersion = 7.1.1;
					};
				};
			};
			buildConfigurationList = C0DEEFA81C3D308F009B031A /* Build configuration list for PBXProject "ASJColoredScrollIndicatorsExample" */;
			compatibilityVersion = "Xcode 3.2";
			developmentRegion = en;
			hasScannedForEncodings = 0;
			knownRegions = (
				en,
				Base,
			);
			mainGroup = C0DEEFA41C3D308F009B031A;
			productRefGroup = C0DEEFAE1C3D308F009B031A /* Products */;
			projectDirPath = "";
			projectRoot = "";
			targets = (
				C0DEEFAC1C3D308F009B031A /* ASJColoredScrollIndicatorsExample */,
			);
		};
/* End PBXProject section */

/* Begin PBXResourcesBuildPhase section */
		C0DEEFAB1C3D308F009B031A /* Resources */ = {
			isa = PBXResourcesBuildPhase;
			buildActionMask = 2147483647;
			files = (
				C0DEEFBD1C3D3090009B031A /* Assets.xcassets in Resources */,
				6BA7A6541C5F18A0008B47FA /* LaunchScreen.xib in Resources */,
				C0DEEFBB1C3D3090009B031A /* Main.storyboard in Resources */,
			);
			runOnlyForDeploymentPostprocessing = 0;
		};
/* End PBXResourcesBuildPhase section */

/* Begin PBXSourcesBuildPhase section */
		C0DEEFA91C3D308F009B031A /* Sources */ = {
			isa = PBXSourcesBuildPhase;
			buildActionMask = 2147483647;
			files = (
				C0DEEFB81C3D308F009B031A /* ViewController.m in Sources */,
				6BF6C0A31CE5B9000021FBB8 /* UIColor+Radiohead.m in Sources */,
				C0DEEFB51C3D308F009B031A /* AppDelegate.m in Sources */,
				6B74319B1CE593EE00975B71 /* ASJColoredScrollIndicators.m in Sources */,
				C0DEEFB21C3D308F009B031A /* main.m in Sources */,
			);
			runOnlyForDeploymentPostprocessing = 0;
		};
/* End PBXSourcesBuildPhase section */

/* Begin PBXVariantGroup section */
		6BA7A6521C5F18A0008B47FA /* LaunchScreen.xib */ = {
			isa = PBXVariantGroup;
			children = (
				6BA7A6531C5F18A0008B47FA /* Base */,
			);
			name = LaunchScreen.xib;
			sourceTree = "<group>";
		};
		C0DEEFB91C3D308F009B031A /* Main.storyboard */ = {
			isa = PBXVariantGroup;
			children = (
				C0DEEFBA1C3D308F009B031A /* Base */,
			);
			name = Main.storyboard;
			sourceTree = "<group>";
		};
/* End PBXVariantGroup section */

/* Begin XCBuildConfiguration section */
		C0DEEFC21C3D3090009B031A /* Debug */ = {
			isa = XCBuildConfiguration;
			buildSettings = {
				ALWAYS_SEARCH_USER_PATHS = NO;
				CLANG_ANALYZER_LOCALIZABILITY_NONLOCALIZED = YES;
				CLANG_CXX_LANGUAGE_STANDARD = "gnu++0x";
				CLANG_CXX_LIBRARY = "libc++";
				CLANG_ENABLE_MODULES = YES;
				CLANG_ENABLE_OBJC_ARC = YES;
				CLANG_WARN_BLOCK_CAPTURE_AUTORELEASING = YES;
				CLANG_WARN_BOOL_CONVERSION = YES;
				CLANG_WARN_COMMA = YES;
				CLANG_WARN_CONSTANT_CONVERSION = YES;
				CLANG_WARN_DEPRECATED_OBJC_IMPLEMENTATIONS = YES;
				CLANG_WARN_DIRECT_OBJC_ISA_USAGE = YES_ERROR;
				CLANG_WARN_EMPTY_BODY = YES;
				CLANG_WARN_ENUM_CONVERSION = YES;
				CLANG_WARN_INFINITE_RECURSION = YES;
				CLANG_WARN_INT_CONVERSION = YES;
				CLANG_WARN_NON_LITERAL_NULL_CONVERSION = YES;
				CLANG_WARN_OBJC_IMPLICIT_RETAIN_SELF = YES;
				CLANG_WARN_OBJC_LITERAL_CONVERSION = YES;
				CLANG_WARN_OBJC_ROOT_CLASS = YES_ERROR;
				CLANG_WARN_QUOTED_INCLUDE_IN_FRAMEWORK_HEADER = YES;
				CLANG_WARN_RANGE_LOOP_ANALYSIS = YES;
				CLANG_WARN_STRICT_PROTOTYPES = YES;
				CLANG_WARN_SUSPICIOUS_MOVE = YES;
				CLANG_WARN_UNREACHABLE_CODE = YES;
				CLANG_WARN__DUPLICATE_METHOD_MATCH = YES;
				"CODE_SIGN_IDENTITY[sdk=iphoneos*]" = "iPhone Developer";
				COPY_PHASE_STRIP = NO;
				DEBUG_INFORMATION_FORMAT = dwarf;
				ENABLE_STRICT_OBJC_MSGSEND = YES;
				ENABLE_TESTABILITY = YES;
				GCC_C_LANGUAGE_STANDARD = gnu99;
				GCC_DYNAMIC_NO_PIC = NO;
				GCC_NO_COMMON_BLOCKS = YES;
				GCC_OPTIMIZATION_LEVEL = 0;
				GCC_PREPROCESSOR_DEFINITIONS = (
					"DEBUG=1",
					"$(inherited)",
				);
				GCC_WARN_64_TO_32_BIT_CONVERSION = YES;
				GCC_WARN_ABOUT_RETURN_TYPE = YES_ERROR;
				GCC_WARN_UNDECLARED_SELECTOR = YES;
				GCC_WARN_UNINITIALIZED_AUTOS = YES_AGGRESSIVE;
				GCC_WARN_UNUSED_FUNCTION = YES;
				GCC_WARN_UNUSED_VARIABLE = YES;
				IPHONEOS_DEPLOYMENT_TARGET = 12.0;
				MTL_ENABLE_DEBUG_INFO = YES;
				ONLY_ACTIVE_ARCH = YES;
				SDKROOT = iphoneos;
			};
			name = Debug;
		};
		C0DEEFC31C3D3090009B031A /* Release */ = {
			isa = XCBuildConfiguration;
			buildSettings = {
				ALWAYS_SEARCH_USER_PATHS = NO;
				CLANG_ANALYZER_LOCALIZABILITY_NONLOCALIZED = YES;
				CLANG_CXX_LANGUAGE_STANDARD = "gnu++0x";
				CLANG_CXX_LIBRARY = "libc++";
				CLANG_ENABLE_MODULES = YES;
				CLANG_ENABLE_OBJC_ARC = YES;
				CLANG_WARN_BLOCK_CAPTURE_AUTORELEASING = YES;
				CLANG_WARN_BOOL_CONVERSION = YES;
				CLANG_WARN_COMMA = YES;
				CLANG_WARN_CONSTANT_CONVERSION = YES;
				CLANG_WARN_DEPRECATED_OBJC_IMPLEMENTATIONS = YES;
				CLANG_WARN_DIRECT_OBJC_ISA_USAGE = YES_ERROR;
				CLANG_WARN_EMPTY_BODY = YES;
				CLANG_WARN_ENUM_CONVERSION = YES;
				CLANG_WARN_INFINITE_RECURSION = YES;
				CLANG_WARN_INT_CONVERSION = YES;
				CLANG_WARN_NON_LITERAL_NULL_CONVERSION = YES;
				CLANG_WARN_OBJC_IMPLICIT_RETAIN_SELF = YES;
				CLANG_WARN_OBJC_LITERAL_CONVERSION = YES;
				CLANG_WARN_OBJC_ROOT_CLASS = YES_ERROR;
				CLANG_WARN_QUOTED_INCLUDE_IN_FRAMEWORK_HEADER = YES;
				CLANG_WARN_RANGE_LOOP_ANALYSIS = YES;
				CLANG_WARN_STRICT_PROTOTYPES = YES;
				CLANG_WARN_SUSPICIOUS_MOVE = YES;
				CLANG_WARN_UNREACHABLE_CODE = YES;
				CLANG_WARN__DUPLICATE_METHOD_MATCH = YES;
				"CODE_SIGN_IDENTITY[sdk=iphoneos*]" = "iPhone Developer";
				COPY_PHASE_STRIP = NO;
				DEBUG_INFORMATION_FORMAT = "dwarf-with-dsym";
				ENABLE_NS_ASSERTIONS = NO;
				ENABLE_STRICT_OBJC_MSGSEND = YES;
				GCC_C_LANGUAGE_STANDARD = gnu99;
				GCC_NO_COMMON_BLOCKS = YES;
				GCC_WARN_64_TO_32_BIT_CONVERSION = YES;
				GCC_WARN_ABOUT_RETURN_TYPE = YES_ERROR;
				GCC_WARN_UNDECLARED_SELECTOR = YES;
				GCC_WARN_UNINITIALIZED_AUTOS = YES_AGGRESSIVE;
				GCC_WARN_UNUSED_FUNCTION = YES;
				GCC_WARN_UNUSED_VARIABLE = YES;
				IPHONEOS_DEPLOYMENT_TARGET = 12.0;
				MTL_ENABLE_DEBUG_INFO = NO;
				SDKROOT = iphoneos;
				VALIDATE_PRODUCT = YES;
			};
			name = Release;
		};
		C0DEEFC51C3D3090009B031A /* Debug */ = {
			isa = XCBuildConfiguration;
			buildSettings = {
				ASSETCATALOG_COMPILER_APPICON_NAME = AppIcon;
				ASSETCATALOG_COMPILER_LAUNCHIMAGE_NAME = "";
				INFOPLIST_FILE = ASJColoredScrollIndicatorsExample/Info.plist;
				LD_RUNPATH_SEARCH_PATHS = "$(inherited) @executable_path/Frameworks";
				PRODUCT_BUNDLE_IDENTIFIER = com.sudeep.ASJColoredScrollIndicatorsExample;
				PRODUCT_NAME = "$(TARGET_NAME)";
			};
			name = Debug;
		};
		C0DEEFC61C3D3090009B031A /* Release */ = {
			isa = XCBuildConfiguration;
			buildSettings = {
				ASSETCATALOG_COMPILER_APPICON_NAME = AppIcon;
				ASSETCATALOG_COMPILER_LAUNCHIMAGE_NAME = "";
				INFOPLIST_FILE = ASJColoredScrollIndicatorsExample/Info.plist;
				LD_RUNPATH_SEARCH_PATHS = "$(inherited) @executable_path/Frameworks";
				PRODUCT_BUNDLE_IDENTIFIER = com.sudeep.ASJColoredScrollIndicatorsExample;
				PRODUCT_NAME = "$(TARGET_NAME)";
			};
			name = Release;
		};
/* End XCBuildConfiguration section */

/* Begin XCConfigurationList section */
		C0DEEFA81C3D308F009B031A /* Build configuration list for PBXProject "ASJColoredScrollIndicatorsExample" */ = {
			isa = XCConfigurationList;
			buildConfigurations = (
				C0DEEFC21C3D3090009B031A /* Debug */,
				C0DEEFC31C3D3090009B031A /* Release */,
			);
			defaultConfigurationIsVisible = 0;
			defaultConfigurationName = Release;
		};
		C0DEEFC41C3D3090009B031A /* Build configuration list for PBXNativeTarget "ASJColoredScrollIndicatorsExample" */ = {
			isa = XCConfigurationList;
			buildConfigurations = (
				C0DEEFC51C3D3090009B031A /* Debug */,
				C0DEEFC61C3D3090009B031A /* Release */,
			);
			defaultConfigurationIsVisible = 0;
			defaultConfigurationName = Release;
		};
/* End XCConfigurationList section */
	};
	rootObject = C0DEEFA51C3D308F009B031A /* Project object */;
}
